
Microsoft Visual Studio Solution File, Format Version 12.00
# Visual Studio 15
VisualStudioVersion = 15.0.27428.2005
MinimumVisualStudioVersion = 10.0.40219.1
Project("{FAE04EC0-301F-11D3-BF4B-00C04F79EFBC}") = "API_Example", "API_Example\API_Example.csproj", "{DFF2E7EA-9026-4039-A3E5-F8AC8ADEC710}"
EndProject
Project("{FAE04EC0-301F-11D3-BF4B-00C04F79EFBC}") = "LoginForm", "LoginForm\LoginForm.csproj", "{780C5710-5376-4D37-8AB3-BBD905DCA858}"
EndProject
Global
	GlobalSection(SolutionConfigurationPlatforms) = preSolution
		Debug|Any CPU = Debug|Any CPU
		Release|Any CPU = Release|Any CPU
	EndGlobalSection
	GlobalSection(ProjectConfigurationPlatforms) = postSolution
		{DFF2E7EA-9026-4039-A3E5-F8AC8ADEC710}.Debug|Any CPU.ActiveCfg = Debug|Any CPU
		{DFF2E7EA-9026-4039-A3E5-F8AC8ADEC710}.Debug|Any CPU.Build.0 = Debug|Any CPU
		{DFF2E7EA-9026-4039-A3E5-F8AC8ADEC710}.Release|Any CPU.ActiveCfg = Release|Any CPU
		{DFF2E7EA-9026-4039-A3E5-F8AC8ADEC710}.Release|Any CPU.Build.0 = Release|Any CPU
		{780C5710-5376-4D37-8AB3-BBD905DCA858}.Debug|Any CPU.ActiveCfg = Debug|Any CPU
		{780C5710-5376-4D37-8AB3-BBD905DCA858}.Debug|Any CPU.Build.0 = Debug|Any CPU
		{780C5710-5376-4D37-8AB3-BBD905DCA858}.Release|Any CPU.ActiveCfg = Release|Any CPU
		{780C5710-5376-4D37-8AB3-BBD905DCA858}.Release|Any CPU.Build.0 = Release|Any CPU
	EndGlobalSection
	GlobalSection(SolutionProperties) = preSolution
		HideSolutionNode = FALSE
	EndGlobalSection
	GlobalSection(ExtensibilityGlobals) = postSolution
		SolutionGuid = {EB04A0A0-0C2B-4FEB-884F-1DD2B709E282}
	EndGlobalSection
EndGlobal
